
Microsoft Visual Studio Solution File, Format Version 12.00
# Visual Studio Version 17
VisualStudioVersion = 17.13.35913.81 d17.13
MinimumVisualStudioVersion = 10.0.40219.1
Project("{FAE04EC0-301F-11D3-BF4B-00C04F79EFBC}") = "TicTac", "TicTac\TicTac.csproj", "{14B438FE-A7F6-4D25-A746-89661DCE748A}"
EndProject
Global
	GlobalSection(SolutionConfigurationPlatforms) = preSolution
		Debug|Any CPU = Debug|Any CPU
		Release|Any CPU = Release|Any CPU
	EndGlobalSection
	GlobalSection(ProjectConfigurationPlatforms) = postSolution
		{14B438FE-A7F6-4D25-A746-89661DCE748A}.Debug|Any CPU.ActiveCfg = Debug|Any CPU
		{14B438FE-A7F6-4D25-A746-89661DCE748A}.Debug|Any CPU.Build.0 = Debug|Any CPU
		{14B438FE-A7F6-4D25-A746-89661DCE748A}.Release|Any CPU.ActiveCfg = Release|Any CPU
		{14B438FE-A7F6-4D25-A746-89661DCE748A}.Release|Any CPU.Build.0 = Release|Any CPU
	EndGlobalSection
	GlobalSection(SolutionProperties) = preSolution
		HideSolutionNode = FALSE
	EndGlobalSection
	GlobalSection(ExtensibilityGlobals) = postSolution
		SolutionGuid = {350F9C85-C612-4E15-B967-FD10D10A7D3A}
	EndGlobalSection
EndGlobal
